
Microsoft Visual Studio Solution File, Format Version 12.00
# Visual Studio Version 17
VisualStudioVersion = 17.8.34322.80
MinimumVisualStudioVersion = 10.0.40219.1
Project("{FAE04EC0-301F-11D3-BF4B-00C04F79EFBC}") = "webScraper - DevOps", "webScraper - DevOps\webScraper - DevOps.csproj", "{3EA28F8C-34E2-410B-B648-22CC59551D23}"
EndProject
Global
	GlobalSection(SolutionConfigurationPlatforms) = preSolution
		Debug|Any CPU = Debug|Any CPU
		Release|Any CPU = Release|Any CPU
	EndGlobalSection
	GlobalSection(ProjectConfigurationPlatforms) = postSolution
		{3EA28F8C-34E2-410B-B648-22CC59551D23}.Debug|Any CPU.ActiveCfg = Debug|Any CPU
		{3EA28F8C-34E2-410B-B648-22CC59551D23}.Debug|Any CPU.Build.0 = Debug|Any CPU
		{3EA28F8C-34E2-410B-B648-22CC59551D23}.Release|Any CPU.ActiveCfg = Release|Any CPU
		{3EA28F8C-34E2-410B-B648-22CC59551D23}.Release|Any CPU.Build.0 = Release|Any CPU
	EndGlobalSection
	GlobalSection(SolutionProperties) = preSolution
		HideSolutionNode = FALSE
	EndGlobalSection
	GlobalSection(ExtensibilityGlobals) = postSolution
		SolutionGuid = {04744FC1-6B74-45ED-98DA-F002C8C7A557}
	EndGlobalSection
EndGlobal
